
Microsoft Visual Studio Solution File, Format Version 12.00
# Visual Studio Version 17
VisualStudioVersion = 17.13.35931.197
MinimumVisualStudioVersion = 10.0.40219.1
Project("{FAE04EC0-301F-11D3-BF4B-00C04F79EFBC}") = "MotoState- .NetCore+Razor", "MotoState- .NetCore+Razor.csproj", "{3F68EFAE-3719-41B0-AC8E-752AA97CAFA4}"
EndProject
Global
	GlobalSection(SolutionConfigurationPlatforms) = preSolution
		Debug|Any CPU = Debug|Any CPU
		Release|Any CPU = Release|Any CPU
	EndGlobalSection
	GlobalSection(ProjectConfigurationPlatforms) = postSolution
		{3F68EFAE-3719-41B0-AC8E-752AA97CAFA4}.Debug|Any CPU.ActiveCfg = Debug|Any CPU
		{3F68EFAE-3719-41B0-AC8E-752AA97CAFA4}.Debug|Any CPU.Build.0 = Debug|Any CPU
		{3F68EFAE-3719-41B0-AC8E-752AA97CAFA4}.Release|Any CPU.ActiveCfg = Release|Any CPU
		{3F68EFAE-3719-41B0-AC8E-752AA97CAFA4}.Release|Any CPU.Build.0 = Release|Any CPU
	EndGlobalSection
	GlobalSection(SolutionProperties) = preSolution
		HideSolutionNode = FALSE
	EndGlobalSection
	GlobalSection(ExtensibilityGlobals) = postSolution
		SolutionGuid = {9EE14E81-01E8-46CC-A0C3-340C41D43E42}
	EndGlobalSection
EndGlobal
